
Microsoft Visual Studio Solution File, Format Version 12.00
# Visual Studio 14
VisualStudioVersion = 14.0.23107.0
MinimumVisualStudioVersion = 10.0.40219.1
Project("{FAE04EC0-301F-11D3-BF4B-00C04F79EFBC}") = "UnitTests", "UnitTestProject1\UnitTests.csproj", "{AB6EE495-0570-4DA1-82A5-381F4C9B8B36}"
EndProject
Project("{FAE04EC0-301F-11D3-BF4B-00C04F79EFBC}") = "Wheel", "Wheel\Wheel.csproj", "{E22EE6DB-BDB5-41B4-BDFA-32BFB84F8750}"
EndProject
Global
	GlobalSection(SolutionConfigurationPlatforms) = preSolution
		Debug|Any CPU = Debug|Any CPU
		Debug|ARM = Debug|ARM
		Debug|x64 = Debug|x64
		Debug|x86 = Debug|x86
		Release|Any CPU = Release|Any CPU
		Release|ARM = Release|ARM
		Release|x64 = Release|x64
		Release|x86 = Release|x86
	EndGlobalSection
	GlobalSection(ProjectConfigurationPlatforms) = postSolution
		{AB6EE495-0570-4DA1-82A5-381F4C9B8B36}.Debug|Any CPU.ActiveCfg = Debug|Any CPU
		{AB6EE495-0570-4DA1-82A5-381F4C9B8B36}.Debug|Any CPU.Build.0 = Debug|Any CPU
		{AB6EE495-0570-4DA1-82A5-381F4C9B8B36}.Debug|ARM.ActiveCfg = Debug|Any CPU
		{AB6EE495-0570-4DA1-82A5-381F4C9B8B36}.Debug|ARM.Build.0 = Debug|Any CPU
		{AB6EE495-0570-4DA1-82A5-381F4C9B8B36}.Debug|x64.ActiveCfg = Debug|Any CPU
		{AB6EE495-0570-4DA1-82A5-381F4C9B8B36}.Debug|x64.Build.0 = Debug|Any CPU
		{AB6EE495-0570-4DA1-82A5-381F4C9B8B36}.Debug|x86.ActiveCfg = Debug|Any CPU
		{AB6EE495-0570-4DA1-82A5-381F4C9B8B36}.Debug|x86.Build.0 = Debug|Any CPU
		{AB6EE495-0570-4DA1-82A5-381F4C9B8B36}.Release|Any CPU.ActiveCfg = Release|Any CPU
		{AB6EE495-0570-4DA1-82A5-381F4C9B8B36}.Release|Any CPU.Build.0 = Release|Any CPU
		{AB6EE495-0570-4DA1-82A5-381F4C9B8B36}.Release|ARM.ActiveCfg = Release|Any CPU
		{AB6EE495-0570-4DA1-82A5-381F4C9B8B36}.Release|ARM.Build.0 = Release|Any CPU
		{AB6EE495-0570-4DA1-82A5-381F4C9B8B36}.Release|x64.ActiveCfg = Release|Any CPU
		{AB6EE495-0570-4DA1-82A5-381F4C9B8B36}.Release|x64.Build.0 = Release|Any CPU
		{AB6EE495-0570-4DA1-82A5-381F4C9B8B36}.Release|x86.ActiveCfg = Release|Any CPU
		{AB6EE495-0570-4DA1-82A5-381F4C9B8B36}.Release|x86.Build.0 = Release|Any CPU
		{E22EE6DB-BDB5-41B4-BDFA-32BFB84F8750}.Debug|Any CPU.ActiveCfg = Debug|Any CPU
		{E22EE6DB-BDB5-41B4-BDFA-32BFB84F8750}.Debug|Any CPU.Build.0 = Debug|Any CPU
		{E22EE6DB-BDB5-41B4-BDFA-32BFB84F8750}.Debug|ARM.ActiveCfg = Debug|Any CPU
		{E22EE6DB-BDB5-41B4-BDFA-32BFB84F8750}.Debug|ARM.Build.0 = Debug|Any CPU
		{E22EE6DB-BDB5-41B4-BDFA-32BFB84F8750}.Debug|x64.ActiveCfg = Debug|Any CPU
		{E22EE6DB-BDB5-41B4-BDFA-32BFB84F8750}.Debug|x64.Build.0 = Debug|Any CPU
		{E22EE6DB-BDB5-41B4-BDFA-32BFB84F8750}.Debug|x86.ActiveCfg = Debug|Any CPU
		{E22EE6DB-BDB5-41B4-BDFA-32BFB84F8750}.Debug|x86.Build.0 = Debug|Any CPU
		{E22EE6DB-BDB5-41B4-BDFA-32BFB84F8750}.Release|Any CPU.ActiveCfg = Release|Any CPU
		{E22EE6DB-BDB5-41B4-BDFA-32BFB84F8750}.Release|Any CPU.Build.0 = Release|Any CPU
		{E22EE6DB-BDB5-41B4-BDFA-32BFB84F8750}.Release|ARM.ActiveCfg = Release|Any CPU
		{E22EE6DB-BDB5-41B4-BDFA-32BFB84F8750}.Release|ARM.Build.0 = Release|Any CPU
		{E22EE6DB-BDB5-41B4-BDFA-32BFB84F8750}.Release|x64.ActiveCfg = Release|Any CPU
		{E22EE6DB-BDB5-41B4-BDFA-32BFB84F8750}.Release|x64.Build.0 = Release|Any CPU
		{E22EE6DB-BDB5-41B4-BDFA-32BFB84F8750}.Release|x86.ActiveCfg = Release|Any CPU
		{E22EE6DB-BDB5-41B4-BDFA-32BFB84F8750}.Release|x86.Build.0 = Release|Any CPU
	EndGlobalSection
	GlobalSection(SolutionProperties) = preSolution
		HideSolutionNode = FALSE
	EndGlobalSection
EndGlobal
